
Microsoft Visual Studio Solution File, Format Version 12.00
# Visual Studio Version 17
VisualStudioVersion = 17.4.33110.190
MinimumVisualStudioVersion = 10.0.40219.1
Project("{FAE04EC0-301F-11D3-BF4B-00C04F79EFBC}") = "BlazorAppRenderFragment", "BlazorAppRenderFragment\BlazorAppRenderFragment.csproj", "{F3DAA481-9996-4318-B416-18EAED51462E}"
EndProject
Global
	GlobalSection(SolutionConfigurationPlatforms) = preSolution
		Debug|Any CPU = Debug|Any CPU
		Release|Any CPU = Release|Any CPU
	EndGlobalSection
	GlobalSection(ProjectConfigurationPlatforms) = postSolution
		{F3DAA481-9996-4318-B416-18EAED51462E}.Debug|Any CPU.ActiveCfg = Debug|Any CPU
		{F3DAA481-9996-4318-B416-18EAED51462E}.Debug|Any CPU.Build.0 = Debug|Any CPU
		{F3DAA481-9996-4318-B416-18EAED51462E}.Release|Any CPU.ActiveCfg = Release|Any CPU
		{F3DAA481-9996-4318-B416-18EAED51462E}.Release|Any CPU.Build.0 = Release|Any CPU
	EndGlobalSection
	GlobalSection(SolutionProperties) = preSolution
		HideSolutionNode = FALSE
	EndGlobalSection
	GlobalSection(ExtensibilityGlobals) = postSolution
		SolutionGuid = {346C0688-B92B-4C55-B935-063D3E151AC5}
	EndGlobalSection
EndGlobal
